
Microsoft Visual Studio Solution File, Format Version 12.00
# Visual Studio Version 17
VisualStudioVersion = 17.0.31903.59
MinimumVisualStudioVersion = 10.0.40219.1
Project("{2150E333-8FDC-42A3-9474-1A3956D46DE8}") = "apps", "apps", "{1787FE1D-075E-9E68-7218-25F1BD1BBEAB}"
EndProject
Project("{2150E333-8FDC-42A3-9474-1A3956D46DE8}") = "pipeline-service", "pipeline-service", "{94A3B3F0-157D-BE30-5128-AD095D34A7B2}"
EndProject
Project("{FAE04EC0-301F-11D3-BF4B-00C04F79EFBC}") = "Pipeline.Service", "apps\pipeline-service\Pipeline.Service\Pipeline.Service.csproj", "{839CFCA7-649B-4A0C-99AF-607FF1F73460}"
EndProject
Project("{2150E333-8FDC-42A3-9474-1A3956D46DE8}") = "packages", "packages", "{809F86A1-1C4C-B159-0CD4-DF9D33D876CE}"
EndProject
Project("{2150E333-8FDC-42A3-9474-1A3956D46DE8}") = "domain", "domain", "{697C1726-6B78-53A3-0150-2FC5E0C768F3}"
EndProject
Project("{FAE04EC0-301F-11D3-BF4B-00C04F79EFBC}") = "Domain", "packages\domain\Domain\Domain.csproj", "{93E21A28-BA0D-42B7-94DE-92CDE0B33C79}"
EndProject
Project("{2150E333-8FDC-42A3-9474-1A3956D46DE8}") = "data", "data", "{75FCC91B-075F-5A32-BB83-1A02F6AC0184}"
EndProject
Project("{FAE04EC0-301F-11D3-BF4B-00C04F79EFBC}") = "Data", "packages\data\Data\Data.csproj", "{5DDC7EF1-49A1-4C30-9A1B-11996D9A8CD8}"
EndProject
Project("{2150E333-8FDC-42A3-9474-1A3956D46DE8}") = "collection", "collection", "{97EE2B1C-B3BD-492E-4B86-7003CB8B3EF9}"
EndProject
Project("{FAE04EC0-301F-11D3-BF4B-00C04F79EFBC}") = "Collection", "packages\collection\Collection\Collection.csproj", "{54BAE295-A9D6-43BB-ADF7-FB3086529455}"
EndProject
Project("{2150E333-8FDC-42A3-9474-1A3956D46DE8}") = "scheduling-service", "scheduling-service", "{A00C1954-6AC6-4993-D798-5196AD1BD0E5}"
EndProject
Project("{FAE04EC0-301F-11D3-BF4B-00C04F79EFBC}") = "Scheduler.Service", "apps\scheduling-service\Scheduler.Service\Scheduler.Service.csproj", "{7946EF18-6DA4-419A-A5E5-7CEE5E168DBA}"
EndProject
Project("{FAE04EC0-301F-11D3-BF4B-00C04F79EFBC}") = "Scheduler.Data", "apps\scheduling-service\Scheduler.Data\Scheduler.Data.csproj", "{27FA9B4B-FB44-48FD-932E-2F096EF7D999}"
EndProject
Project("{FAE04EC0-301F-11D3-BF4B-00C04F79EFBC}") = "Scheduler.Domain", "apps\scheduling-service\Scheduler.Domain\Scheduler.Domain.csproj", "{DD61D367-82E9-4882-B4B2-EE4D3D0EAE30}"
EndProject
Project("{2150E333-8FDC-42A3-9474-1A3956D46DE8}") = "spa-collecting-service", "spa-collecting-service", "{C95682F3-33F0-2DE9-1EF7-290D58579341}"
EndProject
Project("{FAE04EC0-301F-11D3-BF4B-00C04F79EFBC}") = "SpaCollector.Domain", "apps\spa-collecting-service\SpaCollector.Domain\SpaCollector.Domain.csproj", "{B027539A-5E30-4409-A41F-FC1ADB54C9B8}"
EndProject
Project("{FAE04EC0-301F-11D3-BF4B-00C04F79EFBC}") = "SpaCollector.Data", "apps\spa-collecting-service\SpaCollector.Data\SpaCollector.Data.csproj", "{200B610E-F392-4975-AF78-0B72257872CE}"
EndProject
Project("{FAE04EC0-301F-11D3-BF4B-00C04F79EFBC}") = "SpaCollector.Service", "apps\spa-collecting-service\SpaCollector.Service\SpaCollector.Service.csproj", "{044BFD32-0F6E-47A6-977E-D65DF6F1D09C}"
EndProject
Project("{2150E333-8FDC-42A3-9474-1A3956D46DE8}") = "contracts", "contracts", "{3024F0A4-8109-3CD3-0347-46F4E6C63FD7}"
EndProject
Project("{FAE04EC0-301F-11D3-BF4B-00C04F79EFBC}") = "Contracts", "packages\contracts\Contracts\Contracts.csproj", "{B19D633D-12DB-497D-8C95-B242288C8B26}"
EndProject
Project("{2150E333-8FDC-42A3-9474-1A3956D46DE8}") = "pipeline", "pipeline", "{5D285180-8FB5-061C-C68D-9F25BB9AB21C}"
EndProject
Project("{FAE04EC0-301F-11D3-BF4B-00C04F79EFBC}") = "Pipeline", "packages\pipeline\Pipeline\Pipeline.csproj", "{5322A259-AE62-49B2-B635-693114634FBA}"
EndProject
Project("{2150E333-8FDC-42A3-9474-1A3956D46DE8}") = "punchup", "punchup", "{996187B5-FCAF-09E2-A5B7-A0BF69ED8C87}"
EndProject
Project("{FAE04EC0-301F-11D3-BF4B-00C04F79EFBC}") = "Punchup", "packages\punchup\Punchup\Punchup.csproj", "{99E342ED-0E88-4BDD-B997-2A5069CA79DB}"
EndProject
Project("{2150E333-8FDC-42A3-9474-1A3956D46DE8}") = "processing-service", "processing-service", "{877B3CF0-9D7F-919F-574D-0BDCB1893FB2}"
EndProject
Project("{FAE04EC0-301F-11D3-BF4B-00C04F79EFBC}") = "Processor.Domain", "apps\processing-service\Processor.Domain\Processor.Domain.csproj", "{EFB41DFF-457D-4972-8691-67E1EFE44BCC}"
EndProject
Project("{FAE04EC0-301F-11D3-BF4B-00C04F79EFBC}") = "Processor.Data", "apps\processing-service\Processor.Data\Processor.Data.csproj", "{63357A5F-6E48-4178-B5FA-7BE75EF7AC91}"
EndProject
Project("{FAE04EC0-301F-11D3-BF4B-00C04F79EFBC}") = "Processor.Service", "apps\processing-service\Processor.Service\Processor.Service.csproj", "{57A14B19-1741-4268-9E3B-7498429C3875}"
EndProject
Global
	GlobalSection(SolutionConfigurationPlatforms) = preSolution
		Debug|Any CPU = Debug|Any CPU
		Debug|x64 = Debug|x64
		Debug|x86 = Debug|x86
		Release|Any CPU = Release|Any CPU
		Release|x64 = Release|x64
		Release|x86 = Release|x86
	EndGlobalSection
	GlobalSection(ProjectConfigurationPlatforms) = postSolution
		{839CFCA7-649B-4A0C-99AF-607FF1F73460}.Debug|Any CPU.ActiveCfg = Debug|Any CPU
		{839CFCA7-649B-4A0C-99AF-607FF1F73460}.Debug|Any CPU.Build.0 = Debug|Any CPU
		{839CFCA7-649B-4A0C-99AF-607FF1F73460}.Debug|x64.ActiveCfg = Debug|Any CPU
		{839CFCA7-649B-4A0C-99AF-607FF1F73460}.Debug|x64.Build.0 = Debug|Any CPU
		{839CFCA7-649B-4A0C-99AF-607FF1F73460}.Debug|x86.ActiveCfg = Debug|Any CPU
		{839CFCA7-649B-4A0C-99AF-607FF1F73460}.Debug|x86.Build.0 = Debug|Any CPU
		{839CFCA7-649B-4A0C-99AF-607FF1F73460}.Release|Any CPU.ActiveCfg = Release|Any CPU
		{839CFCA7-649B-4A0C-99AF-607FF1F73460}.Release|Any CPU.Build.0 = Release|Any CPU
		{839CFCA7-649B-4A0C-99AF-607FF1F73460}.Release|x64.ActiveCfg = Release|Any CPU
		{839CFCA7-649B-4A0C-99AF-607FF1F73460}.Release|x64.Build.0 = Release|Any CPU
		{839CFCA7-649B-4A0C-99AF-607FF1F73460}.Release|x86.ActiveCfg = Release|Any CPU
		{839CFCA7-649B-4A0C-99AF-607FF1F73460}.Release|x86.Build.0 = Release|Any CPU
		{93E21A28-BA0D-42B7-94DE-92CDE0B33C79}.Debug|Any CPU.ActiveCfg = Debug|Any CPU
		{93E21A28-BA0D-42B7-94DE-92CDE0B33C79}.Debug|Any CPU.Build.0 = Debug|Any CPU
		{93E21A28-BA0D-42B7-94DE-92CDE0B33C79}.Debug|x64.ActiveCfg = Debug|Any CPU
		{93E21A28-BA0D-42B7-94DE-92CDE0B33C79}.Debug|x64.Build.0 = Debug|Any CPU
		{93E21A28-BA0D-42B7-94DE-92CDE0B33C79}.Debug|x86.ActiveCfg = Debug|Any CPU
		{93E21A28-BA0D-42B7-94DE-92CDE0B33C79}.Debug|x86.Build.0 = Debug|Any CPU
		{93E21A28-BA0D-42B7-94DE-92CDE0B33C79}.Release|Any CPU.ActiveCfg = Release|Any CPU
		{93E21A28-BA0D-42B7-94DE-92CDE0B33C79}.Release|Any CPU.Build.0 = Release|Any CPU
		{93E21A28-BA0D-42B7-94DE-92CDE0B33C79}.Release|x64.ActiveCfg = Release|Any CPU
		{93E21A28-BA0D-42B7-94DE-92CDE0B33C79}.Release|x64.Build.0 = Release|Any CPU
		{93E21A28-BA0D-42B7-94DE-92CDE0B33C79}.Release|x86.ActiveCfg = Release|Any CPU
		{93E21A28-BA0D-42B7-94DE-92CDE0B33C79}.Release|x86.Build.0 = Release|Any CPU
		{5DDC7EF1-49A1-4C30-9A1B-11996D9A8CD8}.Debug|Any CPU.ActiveCfg = Debug|Any CPU
		{5DDC7EF1-49A1-4C30-9A1B-11996D9A8CD8}.Debug|Any CPU.Build.0 = Debug|Any CPU
		{5DDC7EF1-49A1-4C30-9A1B-11996D9A8CD8}.Debug|x64.ActiveCfg = Debug|Any CPU
		{5DDC7EF1-49A1-4C30-9A1B-11996D9A8CD8}.Debug|x64.Build.0 = Debug|Any CPU
		{5DDC7EF1-49A1-4C30-9A1B-11996D9A8CD8}.Debug|x86.ActiveCfg = Debug|Any CPU
		{5DDC7EF1-49A1-4C30-9A1B-11996D9A8CD8}.Debug|x86.Build.0 = Debug|Any CPU
		{5DDC7EF1-49A1-4C30-9A1B-11996D9A8CD8}.Release|Any CPU.ActiveCfg = Release|Any CPU
		{5DDC7EF1-49A1-4C30-9A1B-11996D9A8CD8}.Release|Any CPU.Build.0 = Release|Any CPU
		{5DDC7EF1-49A1-4C30-9A1B-11996D9A8CD8}.Release|x64.ActiveCfg = Release|Any CPU
		{5DDC7EF1-49A1-4C30-9A1B-11996D9A8CD8}.Release|x64.Build.0 = Release|Any CPU
		{5DDC7EF1-49A1-4C30-9A1B-11996D9A8CD8}.Release|x86.ActiveCfg = Release|Any CPU
		{5DDC7EF1-49A1-4C30-9A1B-11996D9A8CD8}.Release|x86.Build.0 = Release|Any CPU
		{54BAE295-A9D6-43BB-ADF7-FB3086529455}.Debug|Any CPU.ActiveCfg = Debug|Any CPU
		{54BAE295-A9D6-43BB-ADF7-FB3086529455}.Debug|Any CPU.Build.0 = Debug|Any CPU
		{54BAE295-A9D6-43BB-ADF7-FB3086529455}.Debug|x64.ActiveCfg = Debug|Any CPU
		{54BAE295-A9D6-43BB-ADF7-FB3086529455}.Debug|x64.Build.0 = Debug|Any CPU
		{54BAE295-A9D6-43BB-ADF7-FB3086529455}.Debug|x86.ActiveCfg = Debug|Any CPU
		{54BAE295-A9D6-43BB-ADF7-FB3086529455}.Debug|x86.Build.0 = Debug|Any CPU
		{54BAE295-A9D6-43BB-ADF7-FB3086529455}.Release|Any CPU.ActiveCfg = Release|Any CPU
		{54BAE295-A9D6-43BB-ADF7-FB3086529455}.Release|Any CPU.Build.0 = Release|Any CPU
		{54BAE295-A9D6-43BB-ADF7-FB3086529455}.Release|x64.ActiveCfg = Release|Any CPU
		{54BAE295-A9D6-43BB-ADF7-FB3086529455}.Release|x64.Build.0 = Release|Any CPU
		{54BAE295-A9D6-43BB-ADF7-FB3086529455}.Release|x86.ActiveCfg = Release|Any CPU
		{54BAE295-A9D6-43BB-ADF7-FB3086529455}.Release|x86.Build.0 = Release|Any CPU
		{7946EF18-6DA4-419A-A5E5-7CEE5E168DBA}.Debug|Any CPU.ActiveCfg = Debug|Any CPU
		{7946EF18-6DA4-419A-A5E5-7CEE5E168DBA}.Debug|Any CPU.Build.0 = Debug|Any CPU
		{7946EF18-6DA4-419A-A5E5-7CEE5E168DBA}.Debug|x64.ActiveCfg = Debug|Any CPU
		{7946EF18-6DA4-419A-A5E5-7CEE5E168DBA}.Debug|x64.Build.0 = Debug|Any CPU
		{7946EF18-6DA4-419A-A5E5-7CEE5E168DBA}.Debug|x86.ActiveCfg = Debug|Any CPU
		{7946EF18-6DA4-419A-A5E5-7CEE5E168DBA}.Debug|x86.Build.0 = Debug|Any CPU
		{7946EF18-6DA4-419A-A5E5-7CEE5E168DBA}.Release|Any CPU.ActiveCfg = Release|Any CPU
		{7946EF18-6DA4-419A-A5E5-7CEE5E168DBA}.Release|Any CPU.Build.0 = Release|Any CPU
		{7946EF18-6DA4-419A-A5E5-7CEE5E168DBA}.Release|x64.ActiveCfg = Release|Any CPU
		{7946EF18-6DA4-419A-A5E5-7CEE5E168DBA}.Release|x64.Build.0 = Release|Any CPU
		{7946EF18-6DA4-419A-A5E5-7CEE5E168DBA}.Release|x86.ActiveCfg = Release|Any CPU
		{7946EF18-6DA4-419A-A5E5-7CEE5E168DBA}.Release|x86.Build.0 = Release|Any CPU
		{27FA9B4B-FB44-48FD-932E-2F096EF7D999}.Debug|Any CPU.ActiveCfg = Debug|Any CPU
		{27FA9B4B-FB44-48FD-932E-2F096EF7D999}.Debug|Any CPU.Build.0 = Debug|Any CPU
		{27FA9B4B-FB44-48FD-932E-2F096EF7D999}.Debug|x64.ActiveCfg = Debug|Any CPU
		{27FA9B4B-FB44-48FD-932E-2F096EF7D999}.Debug|x64.Build.0 = Debug|Any CPU
		{27FA9B4B-FB44-48FD-932E-2F096EF7D999}.Debug|x86.ActiveCfg = Debug|Any CPU
		{27FA9B4B-FB44-48FD-932E-2F096EF7D999}.Debug|x86.Build.0 = Debug|Any CPU
		{27FA9B4B-FB44-48FD-932E-2F096EF7D999}.Release|Any CPU.ActiveCfg = Release|Any CPU
		{27FA9B4B-FB44-48FD-932E-2F096EF7D999}.Release|Any CPU.Build.0 = Release|Any CPU
		{27FA9B4B-FB44-48FD-932E-2F096EF7D999}.Release|x64.ActiveCfg = Release|Any CPU
		{27FA9B4B-FB44-48FD-932E-2F096EF7D999}.Release|x64.Build.0 = Release|Any CPU
		{27FA9B4B-FB44-48FD-932E-2F096EF7D999}.Release|x86.ActiveCfg = Release|Any CPU
		{27FA9B4B-FB44-48FD-932E-2F096EF7D999}.Release|x86.Build.0 = Release|Any CPU
		{DD61D367-82E9-4882-B4B2-EE4D3D0EAE30}.Debug|Any CPU.ActiveCfg = Debug|Any CPU
		{DD61D367-82E9-4882-B4B2-EE4D3D0EAE30}.Debug|Any CPU.Build.0 = Debug|Any CPU
		{DD61D367-82E9-4882-B4B2-EE4D3D0EAE30}.Debug|x64.ActiveCfg = Debug|Any CPU
		{DD61D367-82E9-4882-B4B2-EE4D3D0EAE30}.Debug|x64.Build.0 = Debug|Any CPU
		{DD61D367-82E9-4882-B4B2-EE4D3D0EAE30}.Debug|x86.ActiveCfg = Debug|Any CPU
		{DD61D367-82E9-4882-B4B2-EE4D3D0EAE30}.Debug|x86.Build.0 = Debug|Any CPU
		{DD61D367-82E9-4882-B4B2-EE4D3D0EAE30}.Release|Any CPU.ActiveCfg = Release|Any CPU
		{DD61D367-82E9-4882-B4B2-EE4D3D0EAE30}.Release|Any CPU.Build.0 = Release|Any CPU
		{DD61D367-82E9-4882-B4B2-EE4D3D0EAE30}.Release|x64.ActiveCfg = Release|Any CPU
		{DD61D367-82E9-4882-B4B2-EE4D3D0EAE30}.Release|x64.Build.0 = Release|Any CPU
		{DD61D367-82E9-4882-B4B2-EE4D3D0EAE30}.Release|x86.ActiveCfg = Release|Any CPU
		{DD61D367-82E9-4882-B4B2-EE4D3D0EAE30}.Release|x86.Build.0 = Release|Any CPU
		{B027539A-5E30-4409-A41F-FC1ADB54C9B8}.Debug|Any CPU.ActiveCfg = Debug|Any CPU
		{B027539A-5E30-4409-A41F-FC1ADB54C9B8}.Debug|Any CPU.Build.0 = Debug|Any CPU
		{B027539A-5E30-4409-A41F-FC1ADB54C9B8}.Debug|x64.ActiveCfg = Debug|Any CPU
		{B027539A-5E30-4409-A41F-FC1ADB54C9B8}.Debug|x64.Build.0 = Debug|Any CPU
		{B027539A-5E30-4409-A41F-FC1ADB54C9B8}.Debug|x86.ActiveCfg = Debug|Any CPU
		{B027539A-5E30-4409-A41F-FC1ADB54C9B8}.Debug|x86.Build.0 = Debug|Any CPU
		{B027539A-5E30-4409-A41F-FC1ADB54C9B8}.Release|Any CPU.ActiveCfg = Release|Any CPU
		{B027539A-5E30-4409-A41F-FC1ADB54C9B8}.Release|Any CPU.Build.0 = Release|Any CPU
		{B027539A-5E30-4409-A41F-FC1ADB54C9B8}.Release|x64.ActiveCfg = Release|Any CPU
		{B027539A-5E30-4409-A41F-FC1ADB54C9B8}.Release|x64.Build.0 = Release|Any CPU
		{B027539A-5E30-4409-A41F-FC1ADB54C9B8}.Release|x86.ActiveCfg = Release|Any CPU
		{B027539A-5E30-4409-A41F-FC1ADB54C9B8}.Release|x86.Build.0 = Release|Any CPU
		{200B610E-F392-4975-AF78-0B72257872CE}.Debug|Any CPU.ActiveCfg = Debug|Any CPU
		{200B610E-F392-4975-AF78-0B72257872CE}.Debug|Any CPU.Build.0 = Debug|Any CPU
		{200B610E-F392-4975-AF78-0B72257872CE}.Debug|x64.ActiveCfg = Debug|Any CPU
		{200B610E-F392-4975-AF78-0B72257872CE}.Debug|x64.Build.0 = Debug|Any CPU
		{200B610E-F392-4975-AF78-0B72257872CE}.Debug|x86.ActiveCfg = Debug|Any CPU
		{200B610E-F392-4975-AF78-0B72257872CE}.Debug|x86.Build.0 = Debug|Any CPU
		{200B610E-F392-4975-AF78-0B72257872CE}.Release|Any CPU.ActiveCfg = Release|Any CPU
		{200B610E-F392-4975-AF78-0B72257872CE}.Release|Any CPU.Build.0 = Release|Any CPU
		{200B610E-F392-4975-AF78-0B72257872CE}.Release|x64.ActiveCfg = Release|Any CPU
		{200B610E-F392-4975-AF78-0B72257872CE}.Release|x64.Build.0 = Release|Any CPU
		{200B610E-F392-4975-AF78-0B72257872CE}.Release|x86.ActiveCfg = Release|Any CPU
		{200B610E-F392-4975-AF78-0B72257872CE}.Release|x86.Build.0 = Release|Any CPU
		{044BFD32-0F6E-47A6-977E-D65DF6F1D09C}.Debug|Any CPU.ActiveCfg = Debug|Any CPU
		{044BFD32-0F6E-47A6-977E-D65DF6F1D09C}.Debug|Any CPU.Build.0 = Debug|Any CPU
		{044BFD32-0F6E-47A6-977E-D65DF6F1D09C}.Debug|x64.ActiveCfg = Debug|Any CPU
		{044BFD32-0F6E-47A6-977E-D65DF6F1D09C}.Debug|x64.Build.0 = Debug|Any CPU
		{044BFD32-0F6E-47A6-977E-D65DF6F1D09C}.Debug|x86.ActiveCfg = Debug|Any CPU
		{044BFD32-0F6E-47A6-977E-D65DF6F1D09C}.Debug|x86.Build.0 = Debug|Any CPU
		{044BFD32-0F6E-47A6-977E-D65DF6F1D09C}.Release|Any CPU.ActiveCfg = Release|Any CPU
		{044BFD32-0F6E-47A6-977E-D65DF6F1D09C}.Release|Any CPU.Build.0 = Release|Any CPU
		{044BFD32-0F6E-47A6-977E-D65DF6F1D09C}.Release|x64.ActiveCfg = Release|Any CPU
		{044BFD32-0F6E-47A6-977E-D65DF6F1D09C}.Release|x64.Build.0 = Release|Any CPU
		{044BFD32-0F6E-47A6-977E-D65DF6F1D09C}.Release|x86.ActiveCfg = Release|Any CPU
		{044BFD32-0F6E-47A6-977E-D65DF6F1D09C}.Release|x86.Build.0 = Release|Any CPU
		{B19D633D-12DB-497D-8C95-B242288C8B26}.Debug|Any CPU.ActiveCfg = Debug|Any CPU
		{B19D633D-12DB-497D-8C95-B242288C8B26}.Debug|Any CPU.Build.0 = Debug|Any CPU
		{B19D633D-12DB-497D-8C95-B242288C8B26}.Debug|x64.ActiveCfg = Debug|Any CPU
		{B19D633D-12DB-497D-8C95-B242288C8B26}.Debug|x64.Build.0 = Debug|Any CPU
		{B19D633D-12DB-497D-8C95-B242288C8B26}.Debug|x86.ActiveCfg = Debug|Any CPU
		{B19D633D-12DB-497D-8C95-B242288C8B26}.Debug|x86.Build.0 = Debug|Any CPU
		{B19D633D-12DB-497D-8C95-B242288C8B26}.Release|Any CPU.ActiveCfg = Release|Any CPU
		{B19D633D-12DB-497D-8C95-B242288C8B26}.Release|Any CPU.Build.0 = Release|Any CPU
		{B19D633D-12DB-497D-8C95-B242288C8B26}.Release|x64.ActiveCfg = Release|Any CPU
		{B19D633D-12DB-497D-8C95-B242288C8B26}.Release|x64.Build.0 = Release|Any CPU
		{B19D633D-12DB-497D-8C95-B242288C8B26}.Release|x86.ActiveCfg = Release|Any CPU
		{B19D633D-12DB-497D-8C95-B242288C8B26}.Release|x86.Build.0 = Release|Any CPU
		{5322A259-AE62-49B2-B635-693114634FBA}.Debug|Any CPU.ActiveCfg = Debug|Any CPU
		{5322A259-AE62-49B2-B635-693114634FBA}.Debug|Any CPU.Build.0 = Debug|Any CPU
		{5322A259-AE62-49B2-B635-693114634FBA}.Debug|x64.ActiveCfg = Debug|Any CPU
		{5322A259-AE62-49B2-B635-693114634FBA}.Debug|x64.Build.0 = Debug|Any CPU
		{5322A259-AE62-49B2-B635-693114634FBA}.Debug|x86.ActiveCfg = Debug|Any CPU
		{5322A259-AE62-49B2-B635-693114634FBA}.Debug|x86.Build.0 = Debug|Any CPU
		{5322A259-AE62-49B2-B635-693114634FBA}.Release|Any CPU.ActiveCfg = Release|Any CPU
		{5322A259-AE62-49B2-B635-693114634FBA}.Release|Any CPU.Build.0 = Release|Any CPU
		{5322A259-AE62-49B2-B635-693114634FBA}.Release|x64.ActiveCfg = Release|Any CPU
		{5322A259-AE62-49B2-B635-693114634FBA}.Release|x64.Build.0 = Release|Any CPU
		{5322A259-AE62-49B2-B635-693114634FBA}.Release|x86.ActiveCfg = Release|Any CPU
		{5322A259-AE62-49B2-B635-693114634FBA}.Release|x86.Build.0 = Release|Any CPU
		{99E342ED-0E88-4BDD-B997-2A5069CA79DB}.Debug|Any CPU.ActiveCfg = Debug|Any CPU
		{99E342ED-0E88-4BDD-B997-2A5069CA79DB}.Debug|Any CPU.Build.0 = Debug|Any CPU
		{99E342ED-0E88-4BDD-B997-2A5069CA79DB}.Debug|x64.ActiveCfg = Debug|Any CPU
		{99E342ED-0E88-4BDD-B997-2A5069CA79DB}.Debug|x64.Build.0 = Debug|Any CPU
		{99E342ED-0E88-4BDD-B997-2A5069CA79DB}.Debug|x86.ActiveCfg = Debug|Any CPU
		{99E342ED-0E88-4BDD-B997-2A5069CA79DB}.Debug|x86.Build.0 = Debug|Any CPU
		{99E342ED-0E88-4BDD-B997-2A5069CA79DB}.Release|Any CPU.ActiveCfg = Release|Any CPU
		{99E342ED-0E88-4BDD-B997-2A5069CA79DB}.Release|Any CPU.Build.0 = Release|Any CPU
		{99E342ED-0E88-4BDD-B997-2A5069CA79DB}.Release|x64.ActiveCfg = Release|Any CPU
		{99E342ED-0E88-4BDD-B997-2A5069CA79DB}.Release|x64.Build.0 = Release|Any CPU
		{99E342ED-0E88-4BDD-B997-2A5069CA79DB}.Release|x86.ActiveCfg = Release|Any CPU
		{99E342ED-0E88-4BDD-B997-2A5069CA79DB}.Release|x86.Build.0 = Release|Any CPU
		{EFB41DFF-457D-4972-8691-67E1EFE44BCC}.Debug|Any CPU.ActiveCfg = Debug|Any CPU
		{EFB41DFF-457D-4972-8691-67E1EFE44BCC}.Debug|Any CPU.Build.0 = Debug|Any CPU
		{EFB41DFF-457D-4972-8691-67E1EFE44BCC}.Debug|x64.ActiveCfg = Debug|Any CPU
		{EFB41DFF-457D-4972-8691-67E1EFE44BCC}.Debug|x64.Build.0 = Debug|Any CPU
		{EFB41DFF-457D-4972-8691-67E1EFE44BCC}.Debug|x86.ActiveCfg = Debug|Any CPU
		{EFB41DFF-457D-4972-8691-67E1EFE44BCC}.Debug|x86.Build.0 = Debug|Any CPU
		{EFB41DFF-457D-4972-8691-67E1EFE44BCC}.Release|Any CPU.ActiveCfg = Release|Any CPU
		{EFB41DFF-457D-4972-8691-67E1EFE44BCC}.Release|Any CPU.Build.0 = Release|Any CPU
		{EFB41DFF-457D-4972-8691-67E1EFE44BCC}.Release|x64.ActiveCfg = Release|Any CPU
		{EFB41DFF-457D-4972-8691-67E1EFE44BCC}.Release|x64.Build.0 = Release|Any CPU
		{EFB41DFF-457D-4972-8691-67E1EFE44BCC}.Release|x86.ActiveCfg = Release|Any CPU
		{EFB41DFF-457D-4972-8691-67E1EFE44BCC}.Release|x86.Build.0 = Release|Any CPU
		{63357A5F-6E48-4178-B5FA-7BE75EF7AC91}.Debug|Any CPU.ActiveCfg = Debug|Any CPU
		{63357A5F-6E48-4178-B5FA-7BE75EF7AC91}.Debug|Any CPU.Build.0 = Debug|Any CPU
		{63357A5F-6E48-4178-B5FA-7BE75EF7AC91}.Debug|x64.ActiveCfg = Debug|Any CPU
		{63357A5F-6E48-4178-B5FA-7BE75EF7AC91}.Debug|x64.Build.0 = Debug|Any CPU
		{63357A5F-6E48-4178-B5FA-7BE75EF7AC91}.Debug|x86.ActiveCfg = Debug|Any CPU
		{63357A5F-6E48-4178-B5FA-7BE75EF7AC91}.Debug|x86.Build.0 = Debug|Any CPU
		{63357A5F-6E48-4178-B5FA-7BE75EF7AC91}.Release|Any CPU.ActiveCfg = Release|Any CPU
		{63357A5F-6E48-4178-B5FA-7BE75EF7AC91}.Release|Any CPU.Build.0 = Release|Any CPU
		{63357A5F-6E48-4178-B5FA-7BE75EF7AC91}.Release|x64.ActiveCfg = Release|Any CPU
		{63357A5F-6E48-4178-B5FA-7BE75EF7AC91}.Release|x64.Build.0 = Release|Any CPU
		{63357A5F-6E48-4178-B5FA-7BE75EF7AC91}.Release|x86.ActiveCfg = Release|Any CPU
		{63357A5F-6E48-4178-B5FA-7BE75EF7AC91}.Release|x86.Build.0 = Release|Any CPU
		{57A14B19-1741-4268-9E3B-7498429C3875}.Debug|Any CPU.ActiveCfg = Debug|Any CPU
		{57A14B19-1741-4268-9E3B-7498429C3875}.Debug|Any CPU.Build.0 = Debug|Any CPU
		{57A14B19-1741-4268-9E3B-7498429C3875}.Debug|x64.ActiveCfg = Debug|Any CPU
		{57A14B19-1741-4268-9E3B-7498429C3875}.Debug|x64.Build.0 = Debug|Any CPU
		{57A14B19-1741-4268-9E3B-7498429C3875}.Debug|x86.ActiveCfg = Debug|Any CPU
		{57A14B19-1741-4268-9E3B-7498429C3875}.Debug|x86.Build.0 = Debug|Any CPU
		{57A14B19-1741-4268-9E3B-7498429C3875}.Release|Any CPU.ActiveCfg = Release|Any CPU
		{57A14B19-1741-4268-9E3B-7498429C3875}.Release|Any CPU.Build.0 = Release|Any CPU
		{57A14B19-1741-4268-9E3B-7498429C3875}.Release|x64.ActiveCfg = Release|Any CPU
		{57A14B19-1741-4268-9E3B-7498429C3875}.Release|x64.Build.0 = Release|Any CPU
		{57A14B19-1741-4268-9E3B-7498429C3875}.Release|x86.ActiveCfg = Release|Any CPU
		{57A14B19-1741-4268-9E3B-7498429C3875}.Release|x86.Build.0 = Release|Any CPU
	EndGlobalSection
	GlobalSection(SolutionProperties) = preSolution
		HideSolutionNode = FALSE
	EndGlobalSection
	GlobalSection(NestedProjects) = preSolution
		{94A3B3F0-157D-BE30-5128-AD095D34A7B2} = {1787FE1D-075E-9E68-7218-25F1BD1BBEAB}
		{839CFCA7-649B-4A0C-99AF-607FF1F73460} = {94A3B3F0-157D-BE30-5128-AD095D34A7B2}
		{697C1726-6B78-53A3-0150-2FC5E0C768F3} = {809F86A1-1C4C-B159-0CD4-DF9D33D876CE}
		{93E21A28-BA0D-42B7-94DE-92CDE0B33C79} = {697C1726-6B78-53A3-0150-2FC5E0C768F3}
		{75FCC91B-075F-5A32-BB83-1A02F6AC0184} = {809F86A1-1C4C-B159-0CD4-DF9D33D876CE}
		{5DDC7EF1-49A1-4C30-9A1B-11996D9A8CD8} = {75FCC91B-075F-5A32-BB83-1A02F6AC0184}
		{97EE2B1C-B3BD-492E-4B86-7003CB8B3EF9} = {809F86A1-1C4C-B159-0CD4-DF9D33D876CE}
		{54BAE295-A9D6-43BB-ADF7-FB3086529455} = {97EE2B1C-B3BD-492E-4B86-7003CB8B3EF9}
		{A00C1954-6AC6-4993-D798-5196AD1BD0E5} = {1787FE1D-075E-9E68-7218-25F1BD1BBEAB}
		{7946EF18-6DA4-419A-A5E5-7CEE5E168DBA} = {A00C1954-6AC6-4993-D798-5196AD1BD0E5}
		{27FA9B4B-FB44-48FD-932E-2F096EF7D999} = {A00C1954-6AC6-4993-D798-5196AD1BD0E5}
		{DD61D367-82E9-4882-B4B2-EE4D3D0EAE30} = {A00C1954-6AC6-4993-D798-5196AD1BD0E5}
		{C95682F3-33F0-2DE9-1EF7-290D58579341} = {1787FE1D-075E-9E68-7218-25F1BD1BBEAB}
		{B027539A-5E30-4409-A41F-FC1ADB54C9B8} = {C95682F3-33F0-2DE9-1EF7-290D58579341}
		{200B610E-F392-4975-AF78-0B72257872CE} = {C95682F3-33F0-2DE9-1EF7-290D58579341}
		{044BFD32-0F6E-47A6-977E-D65DF6F1D09C} = {C95682F3-33F0-2DE9-1EF7-290D58579341}
		{3024F0A4-8109-3CD3-0347-46F4E6C63FD7} = {809F86A1-1C4C-B159-0CD4-DF9D33D876CE}
		{B19D633D-12DB-497D-8C95-B242288C8B26} = {3024F0A4-8109-3CD3-0347-46F4E6C63FD7}
		{5D285180-8FB5-061C-C68D-9F25BB9AB21C} = {809F86A1-1C4C-B159-0CD4-DF9D33D876CE}
		{5322A259-AE62-49B2-B635-693114634FBA} = {5D285180-8FB5-061C-C68D-9F25BB9AB21C}
		{996187B5-FCAF-09E2-A5B7-A0BF69ED8C87} = {809F86A1-1C4C-B159-0CD4-DF9D33D876CE}
		{99E342ED-0E88-4BDD-B997-2A5069CA79DB} = {996187B5-FCAF-09E2-A5B7-A0BF69ED8C87}
		{877B3CF0-9D7F-919F-574D-0BDCB1893FB2} = {1787FE1D-075E-9E68-7218-25F1BD1BBEAB}
		{EFB41DFF-457D-4972-8691-67E1EFE44BCC} = {877B3CF0-9D7F-919F-574D-0BDCB1893FB2}
		{63357A5F-6E48-4178-B5FA-7BE75EF7AC91} = {877B3CF0-9D7F-919F-574D-0BDCB1893FB2}
		{57A14B19-1741-4268-9E3B-7498429C3875} = {877B3CF0-9D7F-919F-574D-0BDCB1893FB2}
	EndGlobalSection
EndGlobal
