
Microsoft Visual Studio Solution File, Format Version 12.00
# Visual Studio Version 17
VisualStudioVersion = 17.0.31903.59
MinimumVisualStudioVersion = 10.0.40219.1
Project("{2150E333-8FDC-42A3-9474-1A3956D46DE8}") = "apps", "apps", "{1787FE1D-075E-9E68-7218-25F1BD1BBEAB}"
EndProject
Project("{2150E333-8FDC-42A3-9474-1A3956D46DE8}") = "pipeline-service", "pipeline-service", "{94A3B3F0-157D-BE30-5128-AD095D34A7B2}"
EndProject
Project("{FAE04EC0-301F-11D3-BF4B-00C04F79EFBC}") = "Pipeline.Domain", "apps\pipeline-service\Pipeline.Domain\Pipeline.Domain.csproj", "{F2C0F03C-EE59-49B0-A43B-6D5F15EC39AE}"
EndProject
Project("{FAE04EC0-301F-11D3-BF4B-00C04F79EFBC}") = "Pipeline.Data", "apps\pipeline-service\Pipeline.Data\Pipeline.Data.csproj", "{E365D94D-9A9F-49A4-8EA8-D30A1D87618C}"
EndProject
Project("{FAE04EC0-301F-11D3-BF4B-00C04F79EFBC}") = "Pipeline.Service", "apps\pipeline-service\Pipeline.Service\Pipeline.Service.csproj", "{839CFCA7-649B-4A0C-99AF-607FF1F73460}"
EndProject
Project("{2150E333-8FDC-42A3-9474-1A3956D46DE8}") = "packages", "packages", "{809F86A1-1C4C-B159-0CD4-DF9D33D876CE}"
EndProject
Project("{2150E333-8FDC-42A3-9474-1A3956D46DE8}") = "domain", "domain", "{697C1726-6B78-53A3-0150-2FC5E0C768F3}"
EndProject
Project("{FAE04EC0-301F-11D3-BF4B-00C04F79EFBC}") = "Domain", "packages\domain\Domain\Domain.csproj", "{93E21A28-BA0D-42B7-94DE-92CDE0B33C79}"
EndProject
Project("{2150E333-8FDC-42A3-9474-1A3956D46DE8}") = "data", "data", "{75FCC91B-075F-5A32-BB83-1A02F6AC0184}"
EndProject
Project("{FAE04EC0-301F-11D3-BF4B-00C04F79EFBC}") = "Data", "packages\data\Data\Data.csproj", "{5DDC7EF1-49A1-4C30-9A1B-11996D9A8CD8}"
EndProject
Project("{2150E333-8FDC-42A3-9474-1A3956D46DE8}") = "collection", "collection", "{97EE2B1C-B3BD-492E-4B86-7003CB8B3EF9}"
EndProject
Project("{FAE04EC0-301F-11D3-BF4B-00C04F79EFBC}") = "Collection", "packages\collection\Collection\Collection.csproj", "{54BAE295-A9D6-43BB-ADF7-FB3086529455}"
EndProject
Project("{2150E333-8FDC-42A3-9474-1A3956D46DE8}") = "scheduling-service", "scheduling-service", "{A00C1954-6AC6-4993-D798-5196AD1BD0E5}"
EndProject
Project("{FAE04EC0-301F-11D3-BF4B-00C04F79EFBC}") = "Scheduler.Service", "apps\scheduling-service\Scheduler.Service\Scheduler.Service.csproj", "{7946EF18-6DA4-419A-A5E5-7CEE5E168DBA}"
EndProject
Project("{FAE04EC0-301F-11D3-BF4B-00C04F79EFBC}") = "Scheduler.Data", "apps\scheduling-service\Scheduler.Data\Scheduler.Data.csproj", "{27FA9B4B-FB44-48FD-932E-2F096EF7D999}"
EndProject
Project("{FAE04EC0-301F-11D3-BF4B-00C04F79EFBC}") = "Scheduler.Domain", "apps\scheduling-service\Scheduler.Domain\Scheduler.Domain.csproj", "{DD61D367-82E9-4882-B4B2-EE4D3D0EAE30}"
EndProject
Project("{2150E333-8FDC-42A3-9474-1A3956D46DE8}") = "spa-collector-service", "spa-collector-service", "{C95682F3-33F0-2DE9-1EF7-290D58579341}"
EndProject
Project("{FAE04EC0-301F-11D3-BF4B-00C04F79EFBC}") = "SpaCollector.Domain", "apps\spa-collector-service\SpaCollector.Domain\SpaCollector.Domain.csproj", "{B027539A-5E30-4409-A41F-FC1ADB54C9B8}"
EndProject
Project("{FAE04EC0-301F-11D3-BF4B-00C04F79EFBC}") = "SpaCollector.Data", "apps\spa-collector-service\SpaCollector.Data\SpaCollector.Data.csproj", "{200B610E-F392-4975-AF78-0B72257872CE}"
EndProject
Project("{FAE04EC0-301F-11D3-BF4B-00C04F79EFBC}") = "SpaCollector.Service", "apps\spa-collector-service\SpaCollector.Service\SpaCollector.Service.csproj", "{044BFD32-0F6E-47A6-977E-D65DF6F1D09C}"
EndProject
Global
	GlobalSection(SolutionConfigurationPlatforms) = preSolution
		Debug|Any CPU = Debug|Any CPU
		Debug|x64 = Debug|x64
		Debug|x86 = Debug|x86
		Release|Any CPU = Release|Any CPU
		Release|x64 = Release|x64
		Release|x86 = Release|x86
	EndGlobalSection
	GlobalSection(ProjectConfigurationPlatforms) = postSolution
		{F2C0F03C-EE59-49B0-A43B-6D5F15EC39AE}.Debug|Any CPU.ActiveCfg = Debug|Any CPU
		{F2C0F03C-EE59-49B0-A43B-6D5F15EC39AE}.Debug|Any CPU.Build.0 = Debug|Any CPU
		{F2C0F03C-EE59-49B0-A43B-6D5F15EC39AE}.Debug|x64.ActiveCfg = Debug|Any CPU
		{F2C0F03C-EE59-49B0-A43B-6D5F15EC39AE}.Debug|x64.Build.0 = Debug|Any CPU
		{F2C0F03C-EE59-49B0-A43B-6D5F15EC39AE}.Debug|x86.ActiveCfg = Debug|Any CPU
		{F2C0F03C-EE59-49B0-A43B-6D5F15EC39AE}.Debug|x86.Build.0 = Debug|Any CPU
		{F2C0F03C-EE59-49B0-A43B-6D5F15EC39AE}.Release|Any CPU.ActiveCfg = Release|Any CPU
		{F2C0F03C-EE59-49B0-A43B-6D5F15EC39AE}.Release|Any CPU.Build.0 = Release|Any CPU
		{F2C0F03C-EE59-49B0-A43B-6D5F15EC39AE}.Release|x64.ActiveCfg = Release|Any CPU
		{F2C0F03C-EE59-49B0-A43B-6D5F15EC39AE}.Release|x64.Build.0 = Release|Any CPU
		{F2C0F03C-EE59-49B0-A43B-6D5F15EC39AE}.Release|x86.ActiveCfg = Release|Any CPU
		{F2C0F03C-EE59-49B0-A43B-6D5F15EC39AE}.Release|x86.Build.0 = Release|Any CPU
		{E365D94D-9A9F-49A4-8EA8-D30A1D87618C}.Debug|Any CPU.ActiveCfg = Debug|Any CPU
		{E365D94D-9A9F-49A4-8EA8-D30A1D87618C}.Debug|Any CPU.Build.0 = Debug|Any CPU
		{E365D94D-9A9F-49A4-8EA8-D30A1D87618C}.Debug|x64.ActiveCfg = Debug|Any CPU
		{E365D94D-9A9F-49A4-8EA8-D30A1D87618C}.Debug|x64.Build.0 = Debug|Any CPU
		{E365D94D-9A9F-49A4-8EA8-D30A1D87618C}.Debug|x86.ActiveCfg = Debug|Any CPU
		{E365D94D-9A9F-49A4-8EA8-D30A1D87618C}.Debug|x86.Build.0 = Debug|Any CPU
		{E365D94D-9A9F-49A4-8EA8-D30A1D87618C}.Release|Any CPU.ActiveCfg = Release|Any CPU
		{E365D94D-9A9F-49A4-8EA8-D30A1D87618C}.Release|Any CPU.Build.0 = Release|Any CPU
		{E365D94D-9A9F-49A4-8EA8-D30A1D87618C}.Release|x64.ActiveCfg = Release|Any CPU
		{E365D94D-9A9F-49A4-8EA8-D30A1D87618C}.Release|x64.Build.0 = Release|Any CPU
		{E365D94D-9A9F-49A4-8EA8-D30A1D87618C}.Release|x86.ActiveCfg = Release|Any CPU
		{E365D94D-9A9F-49A4-8EA8-D30A1D87618C}.Release|x86.Build.0 = Release|Any CPU
		{839CFCA7-649B-4A0C-99AF-607FF1F73460}.Debug|Any CPU.ActiveCfg = Debug|Any CPU
		{839CFCA7-649B-4A0C-99AF-607FF1F73460}.Debug|Any CPU.Build.0 = Debug|Any CPU
		{839CFCA7-649B-4A0C-99AF-607FF1F73460}.Debug|x64.ActiveCfg = Debug|Any CPU
		{839CFCA7-649B-4A0C-99AF-607FF1F73460}.Debug|x64.Build.0 = Debug|Any CPU
		{839CFCA7-649B-4A0C-99AF-607FF1F73460}.Debug|x86.ActiveCfg = Debug|Any CPU
		{839CFCA7-649B-4A0C-99AF-607FF1F73460}.Debug|x86.Build.0 = Debug|Any CPU
		{839CFCA7-649B-4A0C-99AF-607FF1F73460}.Release|Any CPU.ActiveCfg = Release|Any CPU
		{839CFCA7-649B-4A0C-99AF-607FF1F73460}.Release|Any CPU.Build.0 = Release|Any CPU
		{839CFCA7-649B-4A0C-99AF-607FF1F73460}.Release|x64.ActiveCfg = Release|Any CPU
		{839CFCA7-649B-4A0C-99AF-607FF1F73460}.Release|x64.Build.0 = Release|Any CPU
		{839CFCA7-649B-4A0C-99AF-607FF1F73460}.Release|x86.ActiveCfg = Release|Any CPU
		{839CFCA7-649B-4A0C-99AF-607FF1F73460}.Release|x86.Build.0 = Release|Any CPU
		{93E21A28-BA0D-42B7-94DE-92CDE0B33C79}.Debug|Any CPU.ActiveCfg = Debug|Any CPU
		{93E21A28-BA0D-42B7-94DE-92CDE0B33C79}.Debug|Any CPU.Build.0 = Debug|Any CPU
		{93E21A28-BA0D-42B7-94DE-92CDE0B33C79}.Debug|x64.ActiveCfg = Debug|Any CPU
		{93E21A28-BA0D-42B7-94DE-92CDE0B33C79}.Debug|x64.Build.0 = Debug|Any CPU
		{93E21A28-BA0D-42B7-94DE-92CDE0B33C79}.Debug|x86.ActiveCfg = Debug|Any CPU
		{93E21A28-BA0D-42B7-94DE-92CDE0B33C79}.Debug|x86.Build.0 = Debug|Any CPU
		{93E21A28-BA0D-42B7-94DE-92CDE0B33C79}.Release|Any CPU.ActiveCfg = Release|Any CPU
		{93E21A28-BA0D-42B7-94DE-92CDE0B33C79}.Release|Any CPU.Build.0 = Release|Any CPU
		{93E21A28-BA0D-42B7-94DE-92CDE0B33C79}.Release|x64.ActiveCfg = Release|Any CPU
		{93E21A28-BA0D-42B7-94DE-92CDE0B33C79}.Release|x64.Build.0 = Release|Any CPU
		{93E21A28-BA0D-42B7-94DE-92CDE0B33C79}.Release|x86.ActiveCfg = Release|Any CPU
		{93E21A28-BA0D-42B7-94DE-92CDE0B33C79}.Release|x86.Build.0 = Release|Any CPU
		{5DDC7EF1-49A1-4C30-9A1B-11996D9A8CD8}.Debug|Any CPU.ActiveCfg = Debug|Any CPU
		{5DDC7EF1-49A1-4C30-9A1B-11996D9A8CD8}.Debug|Any CPU.Build.0 = Debug|Any CPU
		{5DDC7EF1-49A1-4C30-9A1B-11996D9A8CD8}.Debug|x64.ActiveCfg = Debug|Any CPU
		{5DDC7EF1-49A1-4C30-9A1B-11996D9A8CD8}.Debug|x64.Build.0 = Debug|Any CPU
		{5DDC7EF1-49A1-4C30-9A1B-11996D9A8CD8}.Debug|x86.ActiveCfg = Debug|Any CPU
		{5DDC7EF1-49A1-4C30-9A1B-11996D9A8CD8}.Debug|x86.Build.0 = Debug|Any CPU
		{5DDC7EF1-49A1-4C30-9A1B-11996D9A8CD8}.Release|Any CPU.ActiveCfg = Release|Any CPU
		{5DDC7EF1-49A1-4C30-9A1B-11996D9A8CD8}.Release|Any CPU.Build.0 = Release|Any CPU
		{5DDC7EF1-49A1-4C30-9A1B-11996D9A8CD8}.Release|x64.ActiveCfg = Release|Any CPU
		{5DDC7EF1-49A1-4C30-9A1B-11996D9A8CD8}.Release|x64.Build.0 = Release|Any CPU
		{5DDC7EF1-49A1-4C30-9A1B-11996D9A8CD8}.Release|x86.ActiveCfg = Release|Any CPU
		{5DDC7EF1-49A1-4C30-9A1B-11996D9A8CD8}.Release|x86.Build.0 = Release|Any CPU
		{54BAE295-A9D6-43BB-ADF7-FB3086529455}.Debug|Any CPU.ActiveCfg = Debug|Any CPU
		{54BAE295-A9D6-43BB-ADF7-FB3086529455}.Debug|Any CPU.Build.0 = Debug|Any CPU
		{54BAE295-A9D6-43BB-ADF7-FB3086529455}.Debug|x64.ActiveCfg = Debug|Any CPU
		{54BAE295-A9D6-43BB-ADF7-FB3086529455}.Debug|x64.Build.0 = Debug|Any CPU
		{54BAE295-A9D6-43BB-ADF7-FB3086529455}.Debug|x86.ActiveCfg = Debug|Any CPU
		{54BAE295-A9D6-43BB-ADF7-FB3086529455}.Debug|x86.Build.0 = Debug|Any CPU
		{54BAE295-A9D6-43BB-ADF7-FB3086529455}.Release|Any CPU.ActiveCfg = Release|Any CPU
		{54BAE295-A9D6-43BB-ADF7-FB3086529455}.Release|Any CPU.Build.0 = Release|Any CPU
		{54BAE295-A9D6-43BB-ADF7-FB3086529455}.Release|x64.ActiveCfg = Release|Any CPU
		{54BAE295-A9D6-43BB-ADF7-FB3086529455}.Release|x64.Build.0 = Release|Any CPU
		{54BAE295-A9D6-43BB-ADF7-FB3086529455}.Release|x86.ActiveCfg = Release|Any CPU
		{54BAE295-A9D6-43BB-ADF7-FB3086529455}.Release|x86.Build.0 = Release|Any CPU
		{7946EF18-6DA4-419A-A5E5-7CEE5E168DBA}.Debug|Any CPU.ActiveCfg = Debug|Any CPU
		{7946EF18-6DA4-419A-A5E5-7CEE5E168DBA}.Debug|Any CPU.Build.0 = Debug|Any CPU
		{7946EF18-6DA4-419A-A5E5-7CEE5E168DBA}.Debug|x64.ActiveCfg = Debug|Any CPU
		{7946EF18-6DA4-419A-A5E5-7CEE5E168DBA}.Debug|x64.Build.0 = Debug|Any CPU
		{7946EF18-6DA4-419A-A5E5-7CEE5E168DBA}.Debug|x86.ActiveCfg = Debug|Any CPU
		{7946EF18-6DA4-419A-A5E5-7CEE5E168DBA}.Debug|x86.Build.0 = Debug|Any CPU
		{7946EF18-6DA4-419A-A5E5-7CEE5E168DBA}.Release|Any CPU.ActiveCfg = Release|Any CPU
		{7946EF18-6DA4-419A-A5E5-7CEE5E168DBA}.Release|Any CPU.Build.0 = Release|Any CPU
		{7946EF18-6DA4-419A-A5E5-7CEE5E168DBA}.Release|x64.ActiveCfg = Release|Any CPU
		{7946EF18-6DA4-419A-A5E5-7CEE5E168DBA}.Release|x64.Build.0 = Release|Any CPU
		{7946EF18-6DA4-419A-A5E5-7CEE5E168DBA}.Release|x86.ActiveCfg = Release|Any CPU
		{7946EF18-6DA4-419A-A5E5-7CEE5E168DBA}.Release|x86.Build.0 = Release|Any CPU
		{27FA9B4B-FB44-48FD-932E-2F096EF7D999}.Debug|Any CPU.ActiveCfg = Debug|Any CPU
		{27FA9B4B-FB44-48FD-932E-2F096EF7D999}.Debug|Any CPU.Build.0 = Debug|Any CPU
		{27FA9B4B-FB44-48FD-932E-2F096EF7D999}.Debug|x64.ActiveCfg = Debug|Any CPU
		{27FA9B4B-FB44-48FD-932E-2F096EF7D999}.Debug|x64.Build.0 = Debug|Any CPU
		{27FA9B4B-FB44-48FD-932E-2F096EF7D999}.Debug|x86.ActiveCfg = Debug|Any CPU
		{27FA9B4B-FB44-48FD-932E-2F096EF7D999}.Debug|x86.Build.0 = Debug|Any CPU
		{27FA9B4B-FB44-48FD-932E-2F096EF7D999}.Release|Any CPU.ActiveCfg = Release|Any CPU
		{27FA9B4B-FB44-48FD-932E-2F096EF7D999}.Release|Any CPU.Build.0 = Release|Any CPU
		{27FA9B4B-FB44-48FD-932E-2F096EF7D999}.Release|x64.ActiveCfg = Release|Any CPU
		{27FA9B4B-FB44-48FD-932E-2F096EF7D999}.Release|x64.Build.0 = Release|Any CPU
		{27FA9B4B-FB44-48FD-932E-2F096EF7D999}.Release|x86.ActiveCfg = Release|Any CPU
		{27FA9B4B-FB44-48FD-932E-2F096EF7D999}.Release|x86.Build.0 = Release|Any CPU
		{DD61D367-82E9-4882-B4B2-EE4D3D0EAE30}.Debug|Any CPU.ActiveCfg = Debug|Any CPU
		{DD61D367-82E9-4882-B4B2-EE4D3D0EAE30}.Debug|Any CPU.Build.0 = Debug|Any CPU
		{DD61D367-82E9-4882-B4B2-EE4D3D0EAE30}.Debug|x64.ActiveCfg = Debug|Any CPU
		{DD61D367-82E9-4882-B4B2-EE4D3D0EAE30}.Debug|x64.Build.0 = Debug|Any CPU
		{DD61D367-82E9-4882-B4B2-EE4D3D0EAE30}.Debug|x86.ActiveCfg = Debug|Any CPU
		{DD61D367-82E9-4882-B4B2-EE4D3D0EAE30}.Debug|x86.Build.0 = Debug|Any CPU
		{DD61D367-82E9-4882-B4B2-EE4D3D0EAE30}.Release|Any CPU.ActiveCfg = Release|Any CPU
		{DD61D367-82E9-4882-B4B2-EE4D3D0EAE30}.Release|Any CPU.Build.0 = Release|Any CPU
		{DD61D367-82E9-4882-B4B2-EE4D3D0EAE30}.Release|x64.ActiveCfg = Release|Any CPU
		{DD61D367-82E9-4882-B4B2-EE4D3D0EAE30}.Release|x64.Build.0 = Release|Any CPU
		{DD61D367-82E9-4882-B4B2-EE4D3D0EAE30}.Release|x86.ActiveCfg = Release|Any CPU
		{DD61D367-82E9-4882-B4B2-EE4D3D0EAE30}.Release|x86.Build.0 = Release|Any CPU
		{B027539A-5E30-4409-A41F-FC1ADB54C9B8}.Debug|Any CPU.ActiveCfg = Debug|Any CPU
		{B027539A-5E30-4409-A41F-FC1ADB54C9B8}.Debug|Any CPU.Build.0 = Debug|Any CPU
		{B027539A-5E30-4409-A41F-FC1ADB54C9B8}.Debug|x64.ActiveCfg = Debug|Any CPU
		{B027539A-5E30-4409-A41F-FC1ADB54C9B8}.Debug|x64.Build.0 = Debug|Any CPU
		{B027539A-5E30-4409-A41F-FC1ADB54C9B8}.Debug|x86.ActiveCfg = Debug|Any CPU
		{B027539A-5E30-4409-A41F-FC1ADB54C9B8}.Debug|x86.Build.0 = Debug|Any CPU
		{B027539A-5E30-4409-A41F-FC1ADB54C9B8}.Release|Any CPU.ActiveCfg = Release|Any CPU
		{B027539A-5E30-4409-A41F-FC1ADB54C9B8}.Release|Any CPU.Build.0 = Release|Any CPU
		{B027539A-5E30-4409-A41F-FC1ADB54C9B8}.Release|x64.ActiveCfg = Release|Any CPU
		{B027539A-5E30-4409-A41F-FC1ADB54C9B8}.Release|x64.Build.0 = Release|Any CPU
		{B027539A-5E30-4409-A41F-FC1ADB54C9B8}.Release|x86.ActiveCfg = Release|Any CPU
		{B027539A-5E30-4409-A41F-FC1ADB54C9B8}.Release|x86.Build.0 = Release|Any CPU
		{200B610E-F392-4975-AF78-0B72257872CE}.Debug|Any CPU.ActiveCfg = Debug|Any CPU
		{200B610E-F392-4975-AF78-0B72257872CE}.Debug|Any CPU.Build.0 = Debug|Any CPU
		{200B610E-F392-4975-AF78-0B72257872CE}.Debug|x64.ActiveCfg = Debug|Any CPU
		{200B610E-F392-4975-AF78-0B72257872CE}.Debug|x64.Build.0 = Debug|Any CPU
		{200B610E-F392-4975-AF78-0B72257872CE}.Debug|x86.ActiveCfg = Debug|Any CPU
		{200B610E-F392-4975-AF78-0B72257872CE}.Debug|x86.Build.0 = Debug|Any CPU
		{200B610E-F392-4975-AF78-0B72257872CE}.Release|Any CPU.ActiveCfg = Release|Any CPU
		{200B610E-F392-4975-AF78-0B72257872CE}.Release|Any CPU.Build.0 = Release|Any CPU
		{200B610E-F392-4975-AF78-0B72257872CE}.Release|x64.ActiveCfg = Release|Any CPU
		{200B610E-F392-4975-AF78-0B72257872CE}.Release|x64.Build.0 = Release|Any CPU
		{200B610E-F392-4975-AF78-0B72257872CE}.Release|x86.ActiveCfg = Release|Any CPU
		{200B610E-F392-4975-AF78-0B72257872CE}.Release|x86.Build.0 = Release|Any CPU
		{044BFD32-0F6E-47A6-977E-D65DF6F1D09C}.Debug|Any CPU.ActiveCfg = Debug|Any CPU
		{044BFD32-0F6E-47A6-977E-D65DF6F1D09C}.Debug|Any CPU.Build.0 = Debug|Any CPU
		{044BFD32-0F6E-47A6-977E-D65DF6F1D09C}.Debug|x64.ActiveCfg = Debug|Any CPU
		{044BFD32-0F6E-47A6-977E-D65DF6F1D09C}.Debug|x64.Build.0 = Debug|Any CPU
		{044BFD32-0F6E-47A6-977E-D65DF6F1D09C}.Debug|x86.ActiveCfg = Debug|Any CPU
		{044BFD32-0F6E-47A6-977E-D65DF6F1D09C}.Debug|x86.Build.0 = Debug|Any CPU
		{044BFD32-0F6E-47A6-977E-D65DF6F1D09C}.Release|Any CPU.ActiveCfg = Release|Any CPU
		{044BFD32-0F6E-47A6-977E-D65DF6F1D09C}.Release|Any CPU.Build.0 = Release|Any CPU
		{044BFD32-0F6E-47A6-977E-D65DF6F1D09C}.Release|x64.ActiveCfg = Release|Any CPU
		{044BFD32-0F6E-47A6-977E-D65DF6F1D09C}.Release|x64.Build.0 = Release|Any CPU
		{044BFD32-0F6E-47A6-977E-D65DF6F1D09C}.Release|x86.ActiveCfg = Release|Any CPU
		{044BFD32-0F6E-47A6-977E-D65DF6F1D09C}.Release|x86.Build.0 = Release|Any CPU
	EndGlobalSection
	GlobalSection(SolutionProperties) = preSolution
		HideSolutionNode = FALSE
	EndGlobalSection
	GlobalSection(NestedProjects) = preSolution
		{94A3B3F0-157D-BE30-5128-AD095D34A7B2} = {1787FE1D-075E-9E68-7218-25F1BD1BBEAB}
		{F2C0F03C-EE59-49B0-A43B-6D5F15EC39AE} = {94A3B3F0-157D-BE30-5128-AD095D34A7B2}
		{E365D94D-9A9F-49A4-8EA8-D30A1D87618C} = {94A3B3F0-157D-BE30-5128-AD095D34A7B2}
		{839CFCA7-649B-4A0C-99AF-607FF1F73460} = {94A3B3F0-157D-BE30-5128-AD095D34A7B2}
		{697C1726-6B78-53A3-0150-2FC5E0C768F3} = {809F86A1-1C4C-B159-0CD4-DF9D33D876CE}
		{93E21A28-BA0D-42B7-94DE-92CDE0B33C79} = {697C1726-6B78-53A3-0150-2FC5E0C768F3}
		{75FCC91B-075F-5A32-BB83-1A02F6AC0184} = {809F86A1-1C4C-B159-0CD4-DF9D33D876CE}
		{5DDC7EF1-49A1-4C30-9A1B-11996D9A8CD8} = {75FCC91B-075F-5A32-BB83-1A02F6AC0184}
		{97EE2B1C-B3BD-492E-4B86-7003CB8B3EF9} = {809F86A1-1C4C-B159-0CD4-DF9D33D876CE}
		{54BAE295-A9D6-43BB-ADF7-FB3086529455} = {97EE2B1C-B3BD-492E-4B86-7003CB8B3EF9}
		{A00C1954-6AC6-4993-D798-5196AD1BD0E5} = {1787FE1D-075E-9E68-7218-25F1BD1BBEAB}
		{7946EF18-6DA4-419A-A5E5-7CEE5E168DBA} = {A00C1954-6AC6-4993-D798-5196AD1BD0E5}
		{27FA9B4B-FB44-48FD-932E-2F096EF7D999} = {A00C1954-6AC6-4993-D798-5196AD1BD0E5}
		{DD61D367-82E9-4882-B4B2-EE4D3D0EAE30} = {A00C1954-6AC6-4993-D798-5196AD1BD0E5}
		{C95682F3-33F0-2DE9-1EF7-290D58579341} = {1787FE1D-075E-9E68-7218-25F1BD1BBEAB}
		{B027539A-5E30-4409-A41F-FC1ADB54C9B8} = {C95682F3-33F0-2DE9-1EF7-290D58579341}
		{200B610E-F392-4975-AF78-0B72257872CE} = {C95682F3-33F0-2DE9-1EF7-290D58579341}
		{044BFD32-0F6E-47A6-977E-D65DF6F1D09C} = {C95682F3-33F0-2DE9-1EF7-290D58579341}
	EndGlobalSection
EndGlobal
